{
  "name": "@lancejpollard/primitive-link-object-builder.js",
  "version": "0.0.1",
  "lockfileVersion": 2,
  "requires": true,
  "packages": {
    "": {
      "name": "@lancejpollard/primitive-link-object-builder.js",
      "version": "0.0.1",
      "dependencies": {
        "@lancejpollard/link-parser.js": "^0.0.1"
      }
    },
    "node_modules/@lancejpollard/link-parser.js": {
      "version": "0.0.1",
      "resolved": "https://registry.npmjs.org/@lancejpollard/link-parser.js/-/link-parser.js-0.0.1.tgz",
      "integrity": "sha512-zb6sHBAwCmumwbgIOQIs6u5tBuy6U6YYI/R3tKNjgYhWqEGX5gQbk40wSfbJJYl7j+b04iAppiw7T1M/I4wF9A=="
    }
  },
  "dependencies": {
    "@lancejpollard/link-parser.js": {
      "version": "0.0.1",
      "resolved": "https://registry.npmjs.org/@lancejpollard/link-parser.js/-/link-parser.js-0.0.1.tgz",
      "integrity": "sha512-zb6sHBAwCmumwbgIOQIs6u5tBuy6U6YYI/R3tKNjgYhWqEGX5gQbk40wSfbJJYl7j+b04iAppiw7T1M/I4wF9A=="
    }
  }
}
